// !$*UTF8*$!
{
	archiveVersion = 1;
	classes = {
	};
	objectVersion = 55;
	objects = {

/* Begin PBXBuildFile section */
		4DE181162851DD5700B57FA3 /* AppDelegate.swift in Sources */ = {isa = PBXBuildFile; fileRef = 4DE181152851DD5700B57FA3 /* AppDelegate.swift */; };
		4DE181182851DD5700B57FA3 /* SceneDelegate.swift in Sources */ = {isa = PBXBuildFile; fileRef = 4DE181172851DD5700B57FA3 /* SceneDelegate.swift */; };
		4DE1811A2851DD5700B57FA3 /* ViewController.swift in Sources */ = {isa = PBXBuildFile; fileRef = 4DE181192851DD5700B57FA3 /* ViewController.swift */; };
		4DE1811D2851DD5700B57FA3 /* Main.storyboard in Resources */ = {isa = PBXBuildFile; fileRef = 4DE1811B2851DD5700B57FA3 /* Main.storyboard */; };
		4DE1811F2851DD5700B57FA3 /* Assets.xcassets in Resources */ = {isa = PBXBuildFile; fileRef = 4DE1811E2851DD5700B57FA3 /* Assets.xcassets */; };
		4DE181222851DD5700B57FA3 /* LaunchScreen.storyboard in Resources */ = {isa = PBXBuildFile; fileRef = 4DE181202851DD5700B57FA3 /* LaunchScreen.storyboard */; };
		4DE1812B2851DDF000B57FA3 /* RareViewController.swift in Sources */ = {isa = PBXBuildFile; fileRef = 4DE1812A2851DDF000B57FA3 /* RareViewController.swift */; };
		4DE1812D2851DDFA00B57FA3 /* MediumViewController.swift in Sources */ = {isa = PBXBuildFile; fileRef = 4DE1812C2851DDFA00B57FA3 /* MediumViewController.swift */; };
		4DE1812F2851DE0700B57FA3 /* WelldoneViewController.swift in Sources */ = {isa = PBXBuildFile; fileRef = 4DE1812E2851DE0700B57FA3 /* WelldoneViewController.swift */; };
/* End PBXBuildFile section */

/* Begin PBXFileReference section */
		4DE181122851DD5700B57FA3 /* EggTimerProject.app */ = {isa = PBXFileReference; explicitFileType = wrapper.application; includeInIndex = 0; path = EggTimerProject.app; sourceTree = BUILT_PRODUCTS_DIR; };
		4DE181152851DD5700B57FA3 /* AppDelegate.swift */ = {isa = PBXFileReference; lastKnownFileType = sourcecode.swift; path = AppDelegate.swift; sourceTree = "<group>"; };
		4DE181172851DD5700B57FA3 /* SceneDelegate.swift */ = {isa = PBXFileReference; lastKnownFileType = sourcecode.swift; path = SceneDelegate.swift; sourceTree = "<group>"; };
		4DE181192851DD5700B57FA3 /* ViewController.swift */ = {isa = PBXFileReference; lastKnownFileType = sourcecode.swift; path = ViewController.swift; sourceTree = "<group>"; };
		4DE1811C2851DD5700B57FA3 /* Base */ = {isa = PBXFileReference; lastKnownFileType = file.storyboard; name = Base; path = Base.lproj/Main.storyboard; sourceTree = "<group>"; };
		4DE1811E2851DD5700B57FA3 /* Assets.xcassets */ = {isa = PBXFileReference; lastKnownFileType = folder.assetcatalog; path = Assets.xcassets; sourceTree = "<group>"; };
		4DE181212851DD5700B57FA3 /* Base */ = {isa = PBXFileReference; lastKnownFileType = file.storyboard; name = Base; path = Base.lproj/LaunchScreen.storyboard; sourceTree = "<group>"; };
		4DE181232851DD5700B57FA3 /* Info.plist */ = {isa = PBXFileReference; lastKnownFileType = text.plist.xml; path = Info.plist; sourceTree = "<group>"; };
		4DE1812A2851DDF000B57FA3 /* RareViewController.swift */ = {isa = PBXFileReference; lastKnownFileType = sourcecode.swift; path = RareViewController.swift; sourceTree = "<group>"; };
		4DE1812C2851DDFA00B57FA3 /* MediumViewController.swift */ = {isa = PBXFileReference; lastKnownFileType = sourcecode.swift; path = MediumViewController.swift; sourceTree = "<group>"; };
		4DE1812E2851DE0700B57FA3 /* WelldoneViewController.swift */ = {isa = PBXFileReference; lastKnownFileType = sourcecode.swift; path = WelldoneViewController.swift; sourceTree = "<group>"; };
/* End PBXFileReference section */

/* Begin PBXFrameworksBuildPhase section */
		4DE1810F2851DD5700B57FA3 /* Frameworks */ = {
			isa = PBXFrameworksBuildPhase;
			buildActionMask = 2147483647;
			files = (
			);
			runOnlyForDeploymentPostprocessing = 0;
		};
/* End PBXFrameworksBuildPhase section */

/* Begin PBXGroup section */
		4DE181092851DD5700B57FA3 = {
			isa = PBXGroup;
			children = (
				4DE181142851DD5700B57FA3 /* EggTimerProject */,
				4DE181132851DD5700B57FA3 /* Products */,
			);
			sourceTree = "<group>";
		};
		4DE181132851DD5700B57FA3 /* Products */ = {
			isa = PBXGroup;
			children = (
				4DE181122851DD5700B57FA3 /* EggTimerProject.app */,
			);
			name = Products;
			sourceTree = "<group>";
		};
		4DE181142851DD5700B57FA3 /* EggTimerProject */ = {
			isa = PBXGroup;
			children = (
				4DE181312851DE1A00B57FA3 /* Models */,
				4DE181302851DE0C00B57FA3 /* Views */,
				4DE181292851DDE000B57FA3 /* Controllers */,
				4DE181152851DD5700B57FA3 /* AppDelegate.swift */,
				4DE181172851DD5700B57FA3 /* SceneDelegate.swift */,
				4DE1811E2851DD5700B57FA3 /* Assets.xcassets */,
				4DE181202851DD5700B57FA3 /* LaunchScreen.storyboard */,
				4DE181232851DD5700B57FA3 /* Info.plist */,
			);
			path = EggTimerProject;
			sourceTree = "<group>";
		};
		4DE181292851DDE000B57FA3 /* Controllers */ = {
			isa = PBXGroup;
			children = (
				4DE181192851DD5700B57FA3 /* ViewController.swift */,
				4DE1812A2851DDF000B57FA3 /* RareViewController.swift */,
				4DE1812C2851DDFA00B57FA3 /* MediumViewController.swift */,
				4DE1812E2851DE0700B57FA3 /* WelldoneViewController.swift */,
			);
			path = Controllers;
			sourceTree = "<group>";
		};
		4DE181302851DE0C00B57FA3 /* Views */ = {
			isa = PBXGroup;
			children = (
				4DE1811B2851DD5700B57FA3 /* Main.storyboard */,
			);
			path = Views;
			sourceTree = "<group>";
		};
		4DE181312851DE1A00B57FA3 /* Models */ = {
			isa = PBXGroup;
			children = (
			);
			path = Models;
			sourceTree = "<group>";
		};
/* End PBXGroup section */

/* Begin PBXNativeTarget section */
		4DE181112851DD5700B57FA3 /* EggTimerProject */ = {
			isa = PBXNativeTarget;
			buildConfigurationList = 4DE181262851DD5700B57FA3 /* Build configuration list for PBXNativeTarget "EggTimerProject" */;
			buildPhases = (
				4DE1810E2851DD5700B57FA3 /* Sources */,
				4DE1810F2851DD5700B57FA3 /* Frameworks */,
				4DE181102851DD5700B57FA3 /* Resources */,
			);
			buildRules = (
			);
			dependencies = (
			);
			name = EggTimerProject;
			productName = EggTimerProject;
			productReference = 4DE181122851DD5700B57FA3 /* EggTimerProject.app */;
			productType = "com.apple.product-type.application";
		};
/* End PBXNativeTarget section */

/* Begin PBXProject section */
		4DE1810A2851DD5700B57FA3 /* Project object */ = {
			isa = PBXProject;
			attributes = {
				BuildIndependentTargetsInParallel = 1;
				LastSwiftUpdateCheck = 1340;
				LastUpgradeCheck = 1340;
				TargetAttributes = {
					4DE181112851DD5700B57FA3 = {
						CreatedOnToolsVersion = 13.4.1;
					};
				};
			};
			buildConfigurationList = 4DE1810D2851DD5700B57FA3 /* Build configuration list for PBXProject "EggTimerProject" */;
			compatibilityVersion = "Xcode 13.0";
			developmentRegion = en;
			hasScannedForEncodings = 0;
			knownRegions = (
				en,
				Base,
			);
			mainGroup = 4DE181092851DD5700B57FA3;
			productRefGroup = 4DE181132851DD5700B57FA3 /* Products */;
			projectDirPath = "";
			projectRoot = "";
			targets = (
				4DE181112851DD5700B57FA3 /* EggTimerProject */,
			);
		};
/* End PBXProject section */

/* Begin PBXResourcesBuildPhase section */
		4DE181102851DD5700B57FA3 /* Resources */ = {
			isa = PBXResourcesBuildPhase;
			buildActionMask = 2147483647;
			files = (
				4DE181222851DD5700B57FA3 /* LaunchScreen.storyboard in Resources */,
				4DE1811F2851DD5700B57FA3 /* Assets.xcassets in Resources */,
				4DE1811D2851DD5700B57FA3 /* Main.storyboard in Resources */,
			);
			runOnlyForDeploymentPostprocessing = 0;
		};
/* End PBXResourcesBuildPhase section */

/* Begin PBXSourcesBuildPhase section */
		4DE1810E2851DD5700B57FA3 /* Sources */ = {
			isa = PBXSourcesBuildPhase;
			buildActionMask = 2147483647;
			files = (
				4DE1812F2851DE0700B57FA3 /* WelldoneViewController.swift in Sources */,
				4DE1812B2851DDF000B57FA3 /* RareViewController.swift in Sources */,
				4DE1812D2851DDFA00B57FA3 /* MediumViewController.swift in Sources */,
				4DE1811A2851DD5700B57FA3 /* ViewController.swift in Sources */,
				4DE181162851DD5700B57FA3 /* AppDelegate.swift in Sources */,
				4DE181182851DD5700B57FA3 /* SceneDelegate.swift in Sources */,
			);
			runOnlyForDeploymentPostprocessing = 0;
		};
/* End PBXSourcesBuildPhase section */

/* Begin PBXVariantGroup section */
		4DE1811B2851DD5700B57FA3 /* Main.storyboard */ = {
			isa = PBXVariantGroup;
			children = (
				4DE1811C2851DD5700B57FA3 /* Base */,
			);
			name = Main.storyboard;
			sourceTree = "<group>";
		};
		4DE181202851DD5700B57FA3 /* LaunchScreen.storyboard */ = {
			isa = PBXVariantGroup;
			children = (
				4DE181212851DD5700B57FA3 /* Base */,
			);
			name = LaunchScreen.storyboard;
			sourceTree = "<group>";
		};
/* End PBXVariantGroup section */

/* Begin XCBuildConfiguration section */
		4DE181242851DD5700B57FA3 /* Debug */ = {
			isa = XCBuildConfiguration;
			buildSettings = {
				ALWAYS_SEARCH_USER_PATHS = NO;
				CLANG_ANALYZER_NONNULL = YES;
				CLANG_ANALYZER_NUMBER_OBJECT_CONVERSION = YES_AGGRESSIVE;
				CLANG_CXX_LANGUAGE_STANDARD = "gnu++17";
				CLANG_ENABLE_MODULES = YES;
				CLANG_ENABLE_OBJC_ARC = YES;
				CLANG_ENABLE_OBJC_WEAK = YES;
				CLANG_WARN_BLOCK_CAPTURE_AUTORELEASING = YES;
				CLANG_WARN_BOOL_CONVERSION = YES;
				CLANG_WARN_COMMA = YES;
				CLANG_WARN_CONSTANT_CONVERSION = YES;
				CLANG_WARN_DEPRECATED_OBJC_IMPLEMENTATIONS = YES;
				CLANG_WARN_DIRECT_OBJC_ISA_USAGE = YES_ERROR;
				CLANG_WARN_DOCUMENTATION_COMMENTS = YES;
				CLANG_WARN_EMPTY_BODY = YES;
				CLANG_WARN_ENUM_CONVERSION = YES;
				CLANG_WARN_INFINITE_RECURSION = YES;
				CLANG_WARN_INT_CONVERSION = YES;
				CLANG_WARN_NON_LITERAL_NULL_CONVERSION = YES;
				CLANG_WARN_OBJC_IMPLICIT_RETAIN_SELF = YES;
				CLANG_WARN_OBJC_LITERAL_CONVERSION = YES;
				CLANG_WARN_OBJC_ROOT_CLASS = YES_ERROR;
				CLANG_WARN_QUOTED_INCLUDE_IN_FRAMEWORK_HEADER = YES;
				CLANG_WARN_RANGE_LOOP_ANALYSIS = YES;
				CLANG_WARN_STRICT_PROTOTYPES = YES;
				CLANG_WARN_SUSPICIOUS_MOVE = YES;
				CLANG_WARN_UNGUARDED_AVAILABILITY = YES_AGGRESSIVE;
				CLANG_WARN_UNREACHABLE_CODE = YES;
				CLANG_WARN__DUPLICATE_METHOD_MATCH = YES;
				COPY_PHASE_STRIP = NO;
				DEBUG_INFORMATION_FORMAT = dwarf;
				ENABLE_STRICT_OBJC_MSGSEND = YES;
				ENABLE_TESTABILITY = YES;
				GCC_C_LANGUAGE_STANDARD = gnu11;
				GCC_DYNAMIC_NO_PIC = NO;
				GCC_NO_COMMON_BLOCKS = YES;
				GCC_OPTIMIZATION_LEVEL = 0;
				GCC_PREPROCESSOR_DEFINITIONS = (
					"DEBUG=1",
					"$(inherited)",
				);
				GCC_WARN_64_TO_32_BIT_CONVERSION = YES;
				GCC_WARN_ABOUT_RETURN_TYPE = YES_ERROR;
				GCC_WARN_UNDECLARED_SELECTOR = YES;
				GCC_WARN_UNINITIALIZED_AUTOS = YES_AGGRESSIVE;
				GCC_WARN_UNUSED_FUNCTION = YES;
				GCC_WARN_UNUSED_VARIABLE = YES;
				IPHONEOS_DEPLOYMENT_TARGET = 15.5;
				MTL_ENABLE_DEBUG_INFO = INCLUDE_SOURCE;
				MTL_FAST_MATH = YES;
				ONLY_ACTIVE_ARCH = YES;
				SDKROOT = iphoneos;
				SWIFT_ACTIVE_COMPILATION_CONDITIONS = DEBUG;
				SWIFT_OPTIMIZATION_LEVEL = "-Onone";
			};
			name = Debug;
		};
		4DE181252851DD5700B57FA3 /* Release */ = {
			isa = XCBuildConfiguration;
			buildSettings = {
				ALWAYS_SEARCH_USER_PATHS = NO;
				CLANG_ANALYZER_NONNULL = YES;
				CLANG_ANALYZER_NUMBER_OBJECT_CONVERSION = YES_AGGRESSIVE;
				CLANG_CXX_LANGUAGE_STANDARD = "gnu++17";
				CLANG_ENABLE_MODULES = YES;
				CLANG_ENABLE_OBJC_ARC = YES;
				CLANG_ENABLE_OBJC_WEAK = YES;
				CLANG_WARN_BLOCK_CAPTURE_AUTORELEASING = YES;
				CLANG_WARN_BOOL_CONVERSION = YES;
				CLANG_WARN_COMMA = YES;
				CLANG_WARN_CONSTANT_CONVERSION = YES;
				CLANG_WARN_DEPRECATED_OBJC_IMPLEMENTATIONS = YES;
				CLANG_WARN_DIRECT_OBJC_ISA_USAGE = YES_ERROR;
				CLANG_WARN_DOCUMENTATION_COMMENTS = YES;
				CLANG_WARN_EMPTY_BODY = YES;
				CLANG_WARN_ENUM_CONVERSION = YES;
				CLANG_WARN_INFINITE_RECURSION = YES;
				CLANG_WARN_INT_CONVERSION = YES;
				CLANG_WARN_NON_LITERAL_NULL_CONVERSION = YES;
				CLANG_WARN_OBJC_IMPLICIT_RETAIN_SELF = YES;
				CLANG_WARN_OBJC_LITERAL_CONVERSION = YES;
				CLANG_WARN_OBJC_ROOT_CLASS = YES_ERROR;
				CLANG_WARN_QUOTED_INCLUDE_IN_FRAMEWORK_HEADER = YES;
				CLANG_WARN_RANGE_LOOP_ANALYSIS = YES;
				CLANG_WARN_STRICT_PROTOTYPES = YES;
				CLANG_WARN_SUSPICIOUS_MOVE = YES;
				CLANG_WARN_UNGUARDED_AVAILABILITY = YES_AGGRESSIVE;
				CLANG_WARN_UNREACHABLE_CODE = YES;
				CLANG_WARN__DUPLICATE_METHOD_MATCH = YES;
				COPY_PHASE_STRIP = NO;
				DEBUG_INFORMATION_FORMAT = "dwarf-with-dsym";
				ENABLE_NS_ASSERTIONS = NO;
				ENABLE_STRICT_OBJC_MSGSEND = YES;
				GCC_C_LANGUAGE_STANDARD = gnu11;
				GCC_NO_COMMON_BLOCKS = YES;
				GCC_WARN_64_TO_32_BIT_CONVERSION = YES;
				GCC_WARN_ABOUT_RETURN_TYPE = YES_ERROR;
				GCC_WARN_UNDECLARED_SELECTOR = YES;
				GCC_WARN_UNINITIALIZED_AUTOS = YES_AGGRESSIVE;
				GCC_WARN_UNUSED_FUNCTION = YES;
				GCC_WARN_UNUSED_VARIABLE = YES;
				IPHONEOS_DEPLOYMENT_TARGET = 15.5;
				MTL_ENABLE_DEBUG_INFO = NO;
				MTL_FAST_MATH = YES;
				SDKROOT = iphoneos;
				SWIFT_COMPILATION_MODE = wholemodule;
				SWIFT_OPTIMIZATION_LEVEL = "-O";
				VALIDATE_PRODUCT = YES;
			};
			name = Release;
		};
		4DE181272851DD5700B57FA3 /* Debug */ = {
			isa = XCBuildConfiguration;
			buildSettings = {
				ASSETCATALOG_COMPILER_APPICON_NAME = AppIcon;
				ASSETCATALOG_COMPILER_GLOBAL_ACCENT_COLOR_NAME = AccentColor;
				CODE_SIGN_STYLE = Automatic;
				CURRENT_PROJECT_VERSION = 1;
				GENERATE_INFOPLIST_FILE = YES;
				INFOPLIST_FILE = EggTimerProject/Info.plist;
				INFOPLIST_KEY_UIApplicationSupportsIndirectInputEvents = YES;
				INFOPLIST_KEY_UILaunchStoryboardName = LaunchScreen;
				INFOPLIST_KEY_UIMainStoryboardFile = Main;
				INFOPLIST_KEY_UISupportedInterfaceOrientations_iPad = "UIInterfaceOrientationPortrait UIInterfaceOrientationPortraitUpsideDown UIInterfaceOrientationLandscapeLeft UIInterfaceOrientationLandscapeRight";
				INFOPLIST_KEY_UISupportedInterfaceOrientations_iPhone = "UIInterfaceOrientationPortrait UIInterfaceOrientationLandscapeLeft UIInterfaceOrientationLandscapeRight";
				LD_RUNPATH_SEARCH_PATHS = (
					"$(inherited)",
					"@executable_path/Frameworks",
				);
				MARKETING_VERSION = 1.0;
				PRODUCT_BUNDLE_IDENTIFIER = blackhole.EggTimerProject;
				PRODUCT_NAME = "$(TARGET_NAME)";
				SWIFT_EMIT_LOC_STRINGS = YES;
				SWIFT_VERSION = 5.0;
				TARGETED_DEVICE_FAMILY = "1,2";
			};
			name = Debug;
		};
		4DE181282851DD5700B57FA3 /* Release */ = {
			isa = XCBuildConfiguration;
			buildSettings = {
				ASSETCATALOG_COMPILER_APPICON_NAME = AppIcon;
				ASSETCATALOG_COMPILER_GLOBAL_ACCENT_COLOR_NAME = AccentColor;
				CODE_SIGN_STYLE = Automatic;
				CURRENT_PROJECT_VERSION = 1;
				GENERATE_INFOPLIST_FILE = YES;
				INFOPLIST_FILE = EggTimerProject/Info.plist;
				INFOPLIST_KEY_UIApplicationSupportsIndirectInputEvents = YES;
				INFOPLIST_KEY_UILaunchStoryboardName = LaunchScreen;
				INFOPLIST_KEY_UIMainStoryboardFile = Main;
				INFOPLIST_KEY_UISupportedInterfaceOrientations_iPad = "UIInterfaceOrientationPortrait UIInterfaceOrientationPortraitUpsideDown UIInterfaceOrientationLandscapeLeft UIInterfaceOrientationLandscapeRight";
				INFOPLIST_KEY_UISupportedInterfaceOrientations_iPhone = "UIInterfaceOrientationPortrait UIInterfaceOrientationLandscapeLeft UIInterfaceOrientationLandscapeRight";
				LD_RUNPATH_SEARCH_PATHS = (
					"$(inherited)",
					"@executable_path/Frameworks",
				);
				MARKETING_VERSION = 1.0;
				PRODUCT_BUNDLE_IDENTIFIER = blackhole.EggTimerProject;
				PRODUCT_NAME = "$(TARGET_NAME)";
				SWIFT_EMIT_LOC_STRINGS = YES;
				SWIFT_VERSION = 5.0;
				TARGETED_DEVICE_FAMILY = "1,2";
			};
			name = Release;
		};
/* End XCBuildConfiguration section */

/* Begin XCConfigurationList section */
		4DE1810D2851DD5700B57FA3 /* Build configuration list for PBXProject "EggTimerProject" */ = {
			isa = XCConfigurationList;
			buildConfigurations = (
				4DE181242851DD5700B57FA3 /* Debug */,
				4DE181252851DD5700B57FA3 /* Release */,
			);
			defaultConfigurationIsVisible = 0;
			defaultConfigurationName = Release;
		};
		4DE181262851DD5700B57FA3 /* Build configuration list for PBXNativeTarget "EggTimerProject" */ = {
			isa = XCConfigurationList;
			buildConfigurations = (
				4DE181272851DD5700B57FA3 /* Debug */,
				4DE181282851DD5700B57FA3 /* Release */,
			);
			defaultConfigurationIsVisible = 0;
			defaultConfigurationName = Release;
		};
/* End XCConfigurationList section */
	};
	rootObject = 4DE1810A2851DD5700B57FA3 /* Project object */;
}
